{
  "name": "Stock_mini",
  "lockfileVersion": 3,
  "requires": true,
  "packages": {
    "": {
      "dependencies": {
        "@material-ui/icons": "^4.11.3",
        "react-router-dom": "^6.23.0"
      }
    },
    "node_modules/@babel/runtime": {
      "version": "7.24.5",
      "resolved": "https://registry.npmjs.org/@babel/runtime/-/runtime-7.24.5.tgz",
      "integrity": "sha512-Nms86NXrsaeU9vbBJKni6gXiEXZ4CVpYVzEjDH9Sb8vmZ3UljyA1GSOJl/6LGPO8EHLuSF9H+IxNXHPX8QHJ4g==",
      "dependencies": {
        "regenerator-runtime": "^0.14.0"
      },
      "engines": {
        "node": ">=6.9.0"
      }
    },
    "node_modules/@material-ui/icons": {
      "version": "4.11.3",
      "resolved": "https://registry.npmjs.org/@material-ui/icons/-/icons-4.11.3.tgz",
      "integrity": "sha512-IKHlyx6LDh8n19vzwH5RtHIOHl9Tu90aAAxcbWME6kp4dmvODM3UvOHJeMIDzUbd4muuJKHmlNoBN+mDY4XkBA==",
      "dependencies": {
        "@babel/runtime": "^7.4.4"
      },
      "engines": {
        "node": ">=8.0.0"
      },
      "peerDependencies": {
        "@material-ui/core": "^4.0.0",
        "@types/react": "^16.8.6 || ^17.0.0",
        "react": "^16.8.0 || ^17.0.0",
        "react-dom": "^16.8.0 || ^17.0.0"
      },
      "peerDependenciesMeta": {
        "@types/react": {
          "optional": true
        }
      }
    },
    "node_modules/@remix-run/router": {
      "version": "1.16.0",
      "resolved": "https://registry.npmjs.org/@remix-run/router/-/router-1.16.0.tgz",
      "integrity": "sha512-Quz1KOffeEf/zwkCBM3kBtH4ZoZ+pT3xIXBG4PPW/XFtDP7EGhtTiC2+gpL9GnR7+Qdet5Oa6cYSvwKYg6kN9Q==",
      "engines": {
        "node": ">=14.0.0"
      }
    },
    "node_modules/react-router": {
      "version": "6.23.0",
      "resolved": "https://registry.npmjs.org/react-router/-/react-router-6.23.0.tgz",
      "integrity": "sha512-wPMZ8S2TuPadH0sF5irFGjkNLIcRvOSaEe7v+JER8508dyJumm6XZB1u5kztlX0RVq6AzRVndzqcUh6sFIauzA==",
      "dependencies": {
        "@remix-run/router": "1.16.0"
      },
      "engines": {
        "node": ">=14.0.0"
      },
      "peerDependencies": {
        "react": ">=16.8"
      }
    },
    "node_modules/react-router-dom": {
      "version": "6.23.0",
      "resolved": "https://registry.npmjs.org/react-router-dom/-/react-router-dom-6.23.0.tgz",
      "integrity": "sha512-Q9YaSYvubwgbal2c9DJKfx6hTNoBp3iJDsl+Duva/DwxoJH+OTXkxGpql4iUK2sla/8z4RpjAm6EWx1qUDuopQ==",
      "dependencies": {
        "@remix-run/router": "1.16.0",
        "react-router": "6.23.0"
      },
      "engines": {
        "node": ">=14.0.0"
      },
      "peerDependencies": {
        "react": ">=16.8",
        "react-dom": ">=16.8"
      }
    },
    "node_modules/regenerator-runtime": {
      "version": "0.14.1",
      "resolved": "https://registry.npmjs.org/regenerator-runtime/-/regenerator-runtime-0.14.1.tgz",
      "integrity": "sha512-dYnhHh0nJoMfnkZs6GmmhFknAGRrLznOu5nc9ML+EJxGvrx6H7teuevqVqCuPcPK//3eDrrjQhehXVx9cnkGdw=="
    }
  }
}
